
Microsoft Visual Studio Solution File, Format Version 12.00
# Visual Studio Version 17
VisualStudioVersion = 17.8.34330.188
MinimumVisualStudioVersion = 10.0.40219.1
Project("{FAE04EC0-301F-11D3-BF4B-00C04F79EFBC}") = "bayes", "bayes\bayes.csproj", "{082178B6-4A37-4E08-9BAD-508580DC52C0}"
EndProject
Global
	GlobalSection(SolutionConfigurationPlatforms) = preSolution
		Debug|Any CPU = Debug|Any CPU
		Release|Any CPU = Release|Any CPU
	EndGlobalSection
	GlobalSection(ProjectConfigurationPlatforms) = postSolution
		{082178B6-4A37-4E08-9BAD-508580DC52C0}.Debug|Any CPU.ActiveCfg = Debug|Any CPU
		{082178B6-4A37-4E08-9BAD-508580DC52C0}.Debug|Any CPU.Build.0 = Debug|Any CPU
		{082178B6-4A37-4E08-9BAD-508580DC52C0}.Release|Any CPU.ActiveCfg = Release|Any CPU
		{082178B6-4A37-4E08-9BAD-508580DC52C0}.Release|Any CPU.Build.0 = Release|Any CPU
	EndGlobalSection
	GlobalSection(SolutionProperties) = preSolution
		HideSolutionNode = FALSE
	EndGlobalSection
	GlobalSection(ExtensibilityGlobals) = postSolution
		SolutionGuid = {F39342D3-6FCF-4753-BBD7-20513FB28D62}
	EndGlobalSection
EndGlobal
